
Microsoft Visual Studio Solution File, Format Version 12.00
# Visual Studio Version 16
VisualStudioVersion = 16.0.28803.452
MinimumVisualStudioVersion = 10.0.40219.1
Project("{9A19103F-16F7-4668-BE54-9A1E7A4F7556}") = "HangFireStorageService", "src\HangFireStorageService\HangFireStorageService.csproj", "{C4BD3C69-F6F8-4A09-BCA2-8B39B883B956}"
EndProject
Project("{9A19103F-16F7-4668-BE54-9A1E7A4F7556}") = "HangFire.ServiceFabric", "src\HangFire.ServiceFabric\HangFire.ServiceFabric.csproj", "{C1594E57-3802-4933-92AD-6E8A78169E15}"
EndProject
Global
	GlobalSection(SolutionConfigurationPlatforms) = preSolution
		Debug|Any CPU = Debug|Any CPU
		Debug|x64 = Debug|x64
		Release|Any CPU = Release|Any CPU
		Release|x64 = Release|x64
	EndGlobalSection
	GlobalSection(ProjectConfigurationPlatforms) = postSolution
		{C4BD3C69-F6F8-4A09-BCA2-8B39B883B956}.Debug|Any CPU.ActiveCfg = Debug|Any CPU
		{C4BD3C69-F6F8-4A09-BCA2-8B39B883B956}.Debug|Any CPU.Build.0 = Debug|Any CPU
		{C4BD3C69-F6F8-4A09-BCA2-8B39B883B956}.Debug|x64.ActiveCfg = Debug|Any CPU
		{C4BD3C69-F6F8-4A09-BCA2-8B39B883B956}.Debug|x64.Build.0 = Debug|Any CPU
		{C4BD3C69-F6F8-4A09-BCA2-8B39B883B956}.Release|Any CPU.ActiveCfg = Release|Any CPU
		{C4BD3C69-F6F8-4A09-BCA2-8B39B883B956}.Release|Any CPU.Build.0 = Release|Any CPU
		{C4BD3C69-F6F8-4A09-BCA2-8B39B883B956}.Release|x64.ActiveCfg = Release|Any CPU
		{C4BD3C69-F6F8-4A09-BCA2-8B39B883B956}.Release|x64.Build.0 = Release|Any CPU
		{C1594E57-3802-4933-92AD-6E8A78169E15}.Debug|Any CPU.ActiveCfg = Debug|Any CPU
		{C1594E57-3802-4933-92AD-6E8A78169E15}.Debug|Any CPU.Build.0 = Debug|Any CPU
		{C1594E57-3802-4933-92AD-6E8A78169E15}.Debug|x64.ActiveCfg = Debug|Any CPU
		{C1594E57-3802-4933-92AD-6E8A78169E15}.Debug|x64.Build.0 = Debug|Any CPU
		{C1594E57-3802-4933-92AD-6E8A78169E15}.Release|Any CPU.ActiveCfg = Release|Any CPU
		{C1594E57-3802-4933-92AD-6E8A78169E15}.Release|Any CPU.Build.0 = Release|Any CPU
		{C1594E57-3802-4933-92AD-6E8A78169E15}.Release|x64.ActiveCfg = Release|Any CPU
		{C1594E57-3802-4933-92AD-6E8A78169E15}.Release|x64.Build.0 = Release|Any CPU
	EndGlobalSection
	GlobalSection(SolutionProperties) = preSolution
		HideSolutionNode = FALSE
	EndGlobalSection
	GlobalSection(ExtensibilityGlobals) = postSolution
		SolutionGuid = {68FA7B3F-82CF-4799-9814-D3E0E090C1A8}
	EndGlobalSection
EndGlobal
